PODS:
  - AFNetworking (2.4.1):
    - AFNetworking/NSURLConnection (= 2.4.1)
    - AFNetworking/NSURLSession (= 2.4.1)
    - AFNetworking/Reachability (= 2.4.1)
    - AFNetworking/Security (= 2.4.1)
    - AFNetworking/Serialization (= 2.4.1)
    - AFNetworking/UIKit (= 2.4.1)
  - AFNetworking/NSURLConnection (2.4.1):
    - AFNetworking/Reachability
    - AFNetworking/Security
    - AFNetworking/Serialization
  - AFNetworking/NSURLSession (2.4.1):
    - AFNetworking/Reachability
    - AFNetworking/Security
    - AFNetworking/Serialization
  - AFNetworking/Reachability (2.4.1)
  - AFNetworking/Security (2.4.1)
  - AFNetworking/Serialization (2.4.1)
  - AFNetworking/UIKit (2.4.1):
    - AFNetworking/NSURLConnection
    - AFNetworking/NSURLSession
  - BDBOAuth1Manager (1.4.0):
    - AFNetworking/NSURLConnection (~> 2.4.0)
    - AFNetworking/NSURLSession (~> 2.4.0)
  - DateTools (1.7.0)
  - MBProgressHUD (1.0.0)

DEPENDENCIES:
  - AFNetworking (= 2.4.1)
  - BDBOAuth1Manager (= 1.4.0)
  - DateTools
  - MBProgressHUD

SPEC CHECKSUMS:
  AFNetworking: 41d45d2c14219af0fa5addf3cfd433a002c13c9f
  BDBOAuth1Manager: c99ab8d5ff9cf86f5da58b1939adb9642f7272e8
  DateTools: 53288ee8b905fdc75897a1e6b5cc0144b14cba60
  MBProgressHUD: 4890f671c94e8a0f3cf959aa731e9de2f036d71a

PODFILE CHECKSUM: 93552a4e0fbb8f587aed53239ec6f3c001036fc6

COCOAPODS: 1.0.1
